
Microsoft Visual Studio Solution File, Format Version 12.00
# Visual Studio Version 17
VisualStudioVersion = 17.0.32112.339
MinimumVisualStudioVersion = 10.0.40219.1
Project("{FAE04EC0-301F-11D3-BF4B-00C04F79EFBC}") = "Coursework_client", "Coursework_client\Coursework_client.csproj", "{D6362B00-5470-44C2-BF5A-DEBB899BB5AA}"
EndProject
Global
	GlobalSection(SolutionConfigurationPlatforms) = preSolution
		Debug|Any CPU = Debug|Any CPU
		Release|Any CPU = Release|Any CPU
	EndGlobalSection
	GlobalSection(ProjectConfigurationPlatforms) = postSolution
		{D6362B00-5470-44C2-BF5A-DEBB899BB5AA}.Debug|Any CPU.ActiveCfg = Debug|Any CPU
		{D6362B00-5470-44C2-BF5A-DEBB899BB5AA}.Debug|Any CPU.Build.0 = Debug|Any CPU
		{D6362B00-5470-44C2-BF5A-DEBB899BB5AA}.Release|Any CPU.ActiveCfg = Release|Any CPU
		{D6362B00-5470-44C2-BF5A-DEBB899BB5AA}.Release|Any CPU.Build.0 = Release|Any CPU
	EndGlobalSection
	GlobalSection(SolutionProperties) = preSolution
		HideSolutionNode = FALSE
	EndGlobalSection
	GlobalSection(ExtensibilityGlobals) = postSolution
		SolutionGuid = {84DEA066-0FB4-4CB8-ADB6-B66D64FE75ED}
	EndGlobalSection
EndGlobal
